
Microsoft Visual Studio Solution File, Format Version 10.00
# Visual Studio 2008
Project("{FAE04EC0-301F-11D3-BF4B-00C04F79EFBC}") = "petOutlook", "petOutlook\petOutlook.csproj", "{CAC4F1A9-8D9B-480F-AFF2-50F45C335794}"
EndProject
Project("{54435603-DBB4-11D2-8724-00A0C9A8B90C}") = "petOutlookSetup", "petOutlookSetup\petOutlookSetup", "{71067E19-7000-4D32-BAE1-53E61E9EF351}"
EndProject
Global
	GlobalSection(SolutionConfigurationPlatforms) = preSolution
		Debug|Any CPU = Debug|Any CPU
		Release|Any CPU = Release|Any CPU
	EndGlobalSection
	GlobalSection(ProjectConfigurationPlatforms) = postSolution
		{CAC4F1A9-8D9B-480F-AFF2-50F45C335794}.Debug|Any CPU.ActiveCfg = Debug|Any CPU
		{CAC4F1A9-8D9B-480F-AFF2-50F45C335794}.Debug|Any CPU.Build.0 = Debug|Any CPU
		{CAC4F1A9-8D9B-480F-AFF2-50F45C335794}.Release|Any CPU.ActiveCfg = Release|Any CPU
		{CAC4F1A9-8D9B-480F-AFF2-50F45C335794}.Release|Any CPU.Build.0 = Release|Any CPU
		{71067E19-7000-4D32-BAE1-53E61E9EF351}.Debug|Any CPU.ActiveCfg = Debug
		{71067E19-7000-4D32-BAE1-53E61E9EF351}.Release|Any CPU.ActiveCfg = Release
	EndGlobalSection
	GlobalSection(SolutionProperties) = preSolution
		HideSolutionNode = FALSE
	EndGlobalSection
EndGlobal
